
Microsoft Visual Studio Solution File, Format Version 12.00
# Visual Studio Version 17
VisualStudioVersion = 17.8.34525.116
MinimumVisualStudioVersion = 10.0.40219.1
Project("{FAE04EC0-301F-11D3-BF4B-00C04F79EFBC}") = "CSLight", "CSLight.csproj", "{FBFA3A99-81C2-4F35-88FD-AB94BCE0BF9B}"
EndProject
Global
	GlobalSection(SolutionConfigurationPlatforms) = preSolution
		Debug|Any CPU = Debug|Any CPU
		Release|Any CPU = Release|Any CPU
	EndGlobalSection
	GlobalSection(ProjectConfigurationPlatforms) = postSolution
		{FBFA3A99-81C2-4F35-88FD-AB94BCE0BF9B}.Debug|Any CPU.ActiveCfg = Debug|Any CPU
		{FBFA3A99-81C2-4F35-88FD-AB94BCE0BF9B}.Debug|Any CPU.Build.0 = Debug|Any CPU
		{FBFA3A99-81C2-4F35-88FD-AB94BCE0BF9B}.Release|Any CPU.ActiveCfg = Release|Any CPU
		{FBFA3A99-81C2-4F35-88FD-AB94BCE0BF9B}.Release|Any CPU.Build.0 = Release|Any CPU
	EndGlobalSection
	GlobalSection(SolutionProperties) = preSolution
		HideSolutionNode = FALSE
	EndGlobalSection
	GlobalSection(ExtensibilityGlobals) = postSolution
		SolutionGuid = {64A3702D-95A7-46A2-A754-59668B3A8940}
	EndGlobalSection
EndGlobal
